
Microsoft Visual Studio Solution File, Format Version 12.00
# Visual Studio Version 17
VisualStudioVersion = 17.12.35707.178
MinimumVisualStudioVersion = 10.0.40219.1
Project("{FAE04EC0-301F-11D3-BF4B-00C04F79EFBC}") = "API", "TREKKORA Backend\API.csproj", "{D0162203-DB92-44EA-B0B5-D375EA713C2D}"
EndProject
Project("{FAE04EC0-301F-11D3-BF4B-00C04F79EFBC}") = "Application", "Application\Application.csproj", "{A7DCE79E-8D67-4938-9CB9-EB95140DCC8A}"
EndProject
Project("{FAE04EC0-301F-11D3-BF4B-00C04F79EFBC}") = "Infrastructure", "Infrastructure\Infrastructure.csproj", "{38D225C3-0226-416F-A502-65868052EF2C}"
EndProject
Project("{FAE04EC0-301F-11D3-BF4B-00C04F79EFBC}") = "Domain", "Domain\Domain.csproj", "{E635AA74-409F-424B-AC97-DC5F211C2677}"
EndProject
Project("{FAE04EC0-301F-11D3-BF4B-00C04F79EFBC}") = "Shared", "Shared\Shared.csproj", "{BF6B06D7-6202-44D0-BDE3-F290B3B7F914}"
EndProject
Global
	GlobalSection(SolutionConfigurationPlatforms) = preSolution
		Debug|Any CPU = Debug|Any CPU
		Release|Any CPU = Release|Any CPU
	EndGlobalSection
	GlobalSection(ProjectConfigurationPlatforms) = postSolution
		{D0162203-DB92-44EA-B0B5-D375EA713C2D}.Debug|Any CPU.ActiveCfg = Debug|Any CPU
		{D0162203-DB92-44EA-B0B5-D375EA713C2D}.Debug|Any CPU.Build.0 = Debug|Any CPU
		{D0162203-DB92-44EA-B0B5-D375EA713C2D}.Release|Any CPU.ActiveCfg = Release|Any CPU
		{D0162203-DB92-44EA-B0B5-D375EA713C2D}.Release|Any CPU.Build.0 = Release|Any CPU
		{A7DCE79E-8D67-4938-9CB9-EB95140DCC8A}.Debug|Any CPU.ActiveCfg = Debug|Any CPU
		{A7DCE79E-8D67-4938-9CB9-EB95140DCC8A}.Debug|Any CPU.Build.0 = Debug|Any CPU
		{A7DCE79E-8D67-4938-9CB9-EB95140DCC8A}.Release|Any CPU.ActiveCfg = Release|Any CPU
		{A7DCE79E-8D67-4938-9CB9-EB95140DCC8A}.Release|Any CPU.Build.0 = Release|Any CPU
		{38D225C3-0226-416F-A502-65868052EF2C}.Debug|Any CPU.ActiveCfg = Debug|Any CPU
		{38D225C3-0226-416F-A502-65868052EF2C}.Debug|Any CPU.Build.0 = Debug|Any CPU
		{38D225C3-0226-416F-A502-65868052EF2C}.Release|Any CPU.ActiveCfg = Release|Any CPU
		{38D225C3-0226-416F-A502-65868052EF2C}.Release|Any CPU.Build.0 = Release|Any CPU
		{E635AA74-409F-424B-AC97-DC5F211C2677}.Debug|Any CPU.ActiveCfg = Debug|Any CPU
		{E635AA74-409F-424B-AC97-DC5F211C2677}.Debug|Any CPU.Build.0 = Debug|Any CPU
		{E635AA74-409F-424B-AC97-DC5F211C2677}.Release|Any CPU.ActiveCfg = Release|Any CPU
		{E635AA74-409F-424B-AC97-DC5F211C2677}.Release|Any CPU.Build.0 = Release|Any CPU
		{BF6B06D7-6202-44D0-BDE3-F290B3B7F914}.Debug|Any CPU.ActiveCfg = Debug|Any CPU
		{BF6B06D7-6202-44D0-BDE3-F290B3B7F914}.Debug|Any CPU.Build.0 = Debug|Any CPU
		{BF6B06D7-6202-44D0-BDE3-F290B3B7F914}.Release|Any CPU.ActiveCfg = Release|Any CPU
		{BF6B06D7-6202-44D0-BDE3-F290B3B7F914}.Release|Any CPU.Build.0 = Release|Any CPU
	EndGlobalSection
	GlobalSection(SolutionProperties) = preSolution
		HideSolutionNode = FALSE
	EndGlobalSection
EndGlobal
